{
  "requires": true,
  "lockfileVersion": 1,
  "dependencies": {
    "cordova-pdf-generator": {
      "version": "2.0.1",
      "resolved": "https://registry.npmjs.org/cordova-pdf-generator/-/cordova-pdf-generator-2.0.1.tgz",
      "integrity": "sha1-xklNEoykeZeS1T3PjcOCQHzklso="
    },
    "cordova-plugin-canvas2image": {
      "version": "git+https://github.com/devgeeks/Canvas2ImagePlugin.git#7cb80bb880373f788b5f3c653605e1d533baeabc"
    },
    "cordova-plugin-document-viewer": {
      "version": "git+https://github.com/sitewaerts/cordova-plugin-document-viewer.git#07ffde66a1a05c196b524d8b11d9f10819371ccb"
    },
    "cordova-plugin-file-opener2": {
      "version": "git+https://github.com/pwlin/cordova-plugin-file-opener2.git#681d39b140c9d4ae0d8c8f68000515e16ebb9eba"
    }
  }
}
